
Microsoft Visual Studio Solution File, Format Version 12.00
# Visual Studio Version 17
VisualStudioVersion = 17.0.32112.339
MinimumVisualStudioVersion = 10.0.40219.1
Project("{FAE04EC0-301F-11D3-BF4B-00C04F79EFBC}") = "Day14Project5", "Day14Project5\Day14Project5.csproj", "{A5FDDBD3-73F8-4303-9E04-03F3475FA2CB}"
EndProject
Global
	GlobalSection(SolutionConfigurationPlatforms) = preSolution
		Debug|Any CPU = Debug|Any CPU
		Release|Any CPU = Release|Any CPU
	EndGlobalSection
	GlobalSection(ProjectConfigurationPlatforms) = postSolution
		{A5FDDBD3-73F8-4303-9E04-03F3475FA2CB}.Debug|Any CPU.ActiveCfg = Debug|Any CPU
		{A5FDDBD3-73F8-4303-9E04-03F3475FA2CB}.Debug|Any CPU.Build.0 = Debug|Any CPU
		{A5FDDBD3-73F8-4303-9E04-03F3475FA2CB}.Release|Any CPU.ActiveCfg = Release|Any CPU
		{A5FDDBD3-73F8-4303-9E04-03F3475FA2CB}.Release|Any CPU.Build.0 = Release|Any CPU
	EndGlobalSection
	GlobalSection(SolutionProperties) = preSolution
		HideSolutionNode = FALSE
	EndGlobalSection
	GlobalSection(ExtensibilityGlobals) = postSolution
		SolutionGuid = {8AB44C87-4565-4BBF-849B-694B4FAEDEDC}
	EndGlobalSection
EndGlobal
