
Microsoft Visual Studio Solution File, Format Version 12.00
# Visual Studio Version 17
VisualStudioVersion = 17.0.32112.339
MinimumVisualStudioVersion = 10.0.40219.1
Project("{FAE04EC0-301F-11D3-BF4B-00C04F79EFBC}") = "Day15project6", "Day15project6\Day15project6.csproj", "{68DDDD9E-73A7-48B9-A4F2-24612B61A4F3}"
EndProject
Global
	GlobalSection(SolutionConfigurationPlatforms) = preSolution
		Debug|Any CPU = Debug|Any CPU
		Release|Any CPU = Release|Any CPU
	EndGlobalSection
	GlobalSection(ProjectConfigurationPlatforms) = postSolution
		{68DDDD9E-73A7-48B9-A4F2-24612B61A4F3}.Debug|Any CPU.ActiveCfg = Debug|Any CPU
		{68DDDD9E-73A7-48B9-A4F2-24612B61A4F3}.Debug|Any CPU.Build.0 = Debug|Any CPU
		{68DDDD9E-73A7-48B9-A4F2-24612B61A4F3}.Release|Any CPU.ActiveCfg = Release|Any CPU
		{68DDDD9E-73A7-48B9-A4F2-24612B61A4F3}.Release|Any CPU.Build.0 = Release|Any CPU
	EndGlobalSection
	GlobalSection(SolutionProperties) = preSolution
		HideSolutionNode = FALSE
	EndGlobalSection
	GlobalSection(ExtensibilityGlobals) = postSolution
		SolutionGuid = {EF284A0A-55B8-451F-BB80-68104CE0138B}
	EndGlobalSection
EndGlobal
