
Microsoft Visual Studio Solution File, Format Version 12.00
# Visual Studio Version 17
VisualStudioVersion = 17.0.32112.339
MinimumVisualStudioVersion = 10.0.40219.1
Project("{FAE04EC0-301F-11D3-BF4B-00C04F79EFBC}") = "MyConsoleApp", "MyConsoleApp\MyConsoleApp.csproj", "{9742205D-711F-4393-B7BD-905E6D8D3D47}"
EndProject
Project("{FAE04EC0-301F-11D3-BF4B-00C04F79EFBC}") = "MyWindowsApp", "MyWindowsApp\MyWindowsApp.csproj", "{459443F3-C392-4168-A912-927420D2EC16}"
EndProject
Global
	GlobalSection(SolutionConfigurationPlatforms) = preSolution
		Debug|Any CPU = Debug|Any CPU
		Release|Any CPU = Release|Any CPU
	EndGlobalSection
	GlobalSection(ProjectConfigurationPlatforms) = postSolution
		{9742205D-711F-4393-B7BD-905E6D8D3D47}.Debug|Any CPU.ActiveCfg = Debug|Any CPU
		{9742205D-711F-4393-B7BD-905E6D8D3D47}.Debug|Any CPU.Build.0 = Debug|Any CPU
		{9742205D-711F-4393-B7BD-905E6D8D3D47}.Release|Any CPU.ActiveCfg = Release|Any CPU
		{9742205D-711F-4393-B7BD-905E6D8D3D47}.Release|Any CPU.Build.0 = Release|Any CPU
		{459443F3-C392-4168-A912-927420D2EC16}.Debug|Any CPU.ActiveCfg = Debug|Any CPU
		{459443F3-C392-4168-A912-927420D2EC16}.Debug|Any CPU.Build.0 = Debug|Any CPU
		{459443F3-C392-4168-A912-927420D2EC16}.Release|Any CPU.ActiveCfg = Release|Any CPU
		{459443F3-C392-4168-A912-927420D2EC16}.Release|Any CPU.Build.0 = Release|Any CPU
	EndGlobalSection
	GlobalSection(SolutionProperties) = preSolution
		HideSolutionNode = FALSE
	EndGlobalSection
	GlobalSection(ExtensibilityGlobals) = postSolution
		SolutionGuid = {2A1B80AA-EF04-4435-9D5E-13DA1BB09005}
	EndGlobalSection
EndGlobal
