
Microsoft Visual Studio Solution File, Format Version 12.00
# Visual Studio Version 17
VisualStudioVersion = 17.0.32112.339
MinimumVisualStudioVersion = 10.0.40219.1
Project("{FAE04EC0-301F-11D3-BF4B-00C04F79EFBC}") = "Day7Project4", "Day7Project4\Day7Project4.csproj", "{7051071D-00CA-4105-8443-E3FD923C74E1}"
EndProject
Global
	GlobalSection(SolutionConfigurationPlatforms) = preSolution
		Debug|Any CPU = Debug|Any CPU
		Release|Any CPU = Release|Any CPU
	EndGlobalSection
	GlobalSection(ProjectConfigurationPlatforms) = postSolution
		{7051071D-00CA-4105-8443-E3FD923C74E1}.Debug|Any CPU.ActiveCfg = Debug|Any CPU
		{7051071D-00CA-4105-8443-E3FD923C74E1}.Debug|Any CPU.Build.0 = Debug|Any CPU
		{7051071D-00CA-4105-8443-E3FD923C74E1}.Release|Any CPU.ActiveCfg = Release|Any CPU
		{7051071D-00CA-4105-8443-E3FD923C74E1}.Release|Any CPU.Build.0 = Release|Any CPU
	EndGlobalSection
	GlobalSection(SolutionProperties) = preSolution
		HideSolutionNode = FALSE
	EndGlobalSection
	GlobalSection(ExtensibilityGlobals) = postSolution
		SolutionGuid = {A770E06C-4B06-4065-8BE4-E3340484372A}
	EndGlobalSection
EndGlobal
