
Microsoft Visual Studio Solution File, Format Version 12.00
# Visual Studio Version 17
VisualStudioVersion = 17.0.32112.339
MinimumVisualStudioVersion = 10.0.40219.1
Project("{FAE04EC0-301F-11D3-BF4B-00C04F79EFBC}") = "Day13Project6", "Day13Project6\Day13Project6.csproj", "{7CCFFD4F-8C07-46C4-A69F-A93304BB0EB0}"
EndProject
Global
	GlobalSection(SolutionConfigurationPlatforms) = preSolution
		Debug|Any CPU = Debug|Any CPU
		Release|Any CPU = Release|Any CPU
	EndGlobalSection
	GlobalSection(ProjectConfigurationPlatforms) = postSolution
		{7CCFFD4F-8C07-46C4-A69F-A93304BB0EB0}.Debug|Any CPU.ActiveCfg = Debug|Any CPU
		{7CCFFD4F-8C07-46C4-A69F-A93304BB0EB0}.Debug|Any CPU.Build.0 = Debug|Any CPU
		{7CCFFD4F-8C07-46C4-A69F-A93304BB0EB0}.Release|Any CPU.ActiveCfg = Release|Any CPU
		{7CCFFD4F-8C07-46C4-A69F-A93304BB0EB0}.Release|Any CPU.Build.0 = Release|Any CPU
	EndGlobalSection
	GlobalSection(SolutionProperties) = preSolution
		HideSolutionNode = FALSE
	EndGlobalSection
	GlobalSection(ExtensibilityGlobals) = postSolution
		SolutionGuid = {E562243C-0A84-47BF-AAC4-5D38C9CCA0DD}
	EndGlobalSection
EndGlobal
