
Microsoft Visual Studio Solution File, Format Version 12.00
# Visual Studio Version 17
VisualStudioVersion = 17.0.32112.339
MinimumVisualStudioVersion = 10.0.40219.1
Project("{FAE04EC0-301F-11D3-BF4B-00C04F79EFBC}") = "Day15Project2", "Day15Project2\Day15Project2.csproj", "{3426A2A4-3CB6-4648-AD1E-0F4BBD17EC05}"
EndProject
Global
	GlobalSection(SolutionConfigurationPlatforms) = preSolution
		Debug|Any CPU = Debug|Any CPU
		Release|Any CPU = Release|Any CPU
	EndGlobalSection
	GlobalSection(ProjectConfigurationPlatforms) = postSolution
		{3426A2A4-3CB6-4648-AD1E-0F4BBD17EC05}.Debug|Any CPU.ActiveCfg = Debug|Any CPU
		{3426A2A4-3CB6-4648-AD1E-0F4BBD17EC05}.Debug|Any CPU.Build.0 = Debug|Any CPU
		{3426A2A4-3CB6-4648-AD1E-0F4BBD17EC05}.Release|Any CPU.ActiveCfg = Release|Any CPU
		{3426A2A4-3CB6-4648-AD1E-0F4BBD17EC05}.Release|Any CPU.Build.0 = Release|Any CPU
	EndGlobalSection
	GlobalSection(SolutionProperties) = preSolution
		HideSolutionNode = FALSE
	EndGlobalSection
	GlobalSection(ExtensibilityGlobals) = postSolution
		SolutionGuid = {32A62A18-5129-4EF9-9A92-38ABE14836E8}
	EndGlobalSection
EndGlobal
