
Microsoft Visual Studio Solution File, Format Version 12.00
# Visual Studio Version 17
VisualStudioVersion = 17.0.32112.339
MinimumVisualStudioVersion = 10.0.40219.1
Project("{FAE04EC0-301F-11D3-BF4B-00C04F79EFBC}") = "Day10Project3", "Day10Project3\Day10Project3.csproj", "{30A3EE7E-7D50-4CB9-BC7D-3BD3FF71976D}"
EndProject
Global
	GlobalSection(SolutionConfigurationPlatforms) = preSolution
		Debug|Any CPU = Debug|Any CPU
		Release|Any CPU = Release|Any CPU
	EndGlobalSection
	GlobalSection(ProjectConfigurationPlatforms) = postSolution
		{30A3EE7E-7D50-4CB9-BC7D-3BD3FF71976D}.Debug|Any CPU.ActiveCfg = Debug|Any CPU
		{30A3EE7E-7D50-4CB9-BC7D-3BD3FF71976D}.Debug|Any CPU.Build.0 = Debug|Any CPU
		{30A3EE7E-7D50-4CB9-BC7D-3BD3FF71976D}.Release|Any CPU.ActiveCfg = Release|Any CPU
		{30A3EE7E-7D50-4CB9-BC7D-3BD3FF71976D}.Release|Any CPU.Build.0 = Release|Any CPU
	EndGlobalSection
	GlobalSection(SolutionProperties) = preSolution
		HideSolutionNode = FALSE
	EndGlobalSection
	GlobalSection(ExtensibilityGlobals) = postSolution
		SolutionGuid = {5BFF1814-447C-4A06-AC31-80B2D05CE03D}
	EndGlobalSection
EndGlobal
