
Microsoft Visual Studio Solution File, Format Version 12.00
# Visual Studio Version 17
VisualStudioVersion = 17.0.32112.339
MinimumVisualStudioVersion = 10.0.40219.1
Project("{FAE04EC0-301F-11D3-BF4B-00C04F79EFBC}") = "Day18Project1", "Day18Project1\Day18Project1.csproj", "{95F899A7-CDDB-4F5E-8130-5E38613FB00E}"
EndProject
Global
	GlobalSection(SolutionConfigurationPlatforms) = preSolution
		Debug|Any CPU = Debug|Any CPU
		Release|Any CPU = Release|Any CPU
	EndGlobalSection
	GlobalSection(ProjectConfigurationPlatforms) = postSolution
		{95F899A7-CDDB-4F5E-8130-5E38613FB00E}.Debug|Any CPU.ActiveCfg = Debug|Any CPU
		{95F899A7-CDDB-4F5E-8130-5E38613FB00E}.Debug|Any CPU.Build.0 = Debug|Any CPU
		{95F899A7-CDDB-4F5E-8130-5E38613FB00E}.Release|Any CPU.ActiveCfg = Release|Any CPU
		{95F899A7-CDDB-4F5E-8130-5E38613FB00E}.Release|Any CPU.Build.0 = Release|Any CPU
	EndGlobalSection
	GlobalSection(SolutionProperties) = preSolution
		HideSolutionNode = FALSE
	EndGlobalSection
	GlobalSection(ExtensibilityGlobals) = postSolution
		SolutionGuid = {D8ED7E44-7B2D-4DDD-BFF0-7D39E645EB32}
	EndGlobalSection
EndGlobal
