
Microsoft Visual Studio Solution File, Format Version 12.00
# Visual Studio Version 17
VisualStudioVersion = 17.0.32112.339
MinimumVisualStudioVersion = 10.0.40219.1
Project("{FAE04EC0-301F-11D3-BF4B-00C04F79EFBC}") = "Day8Project4", "Day8Project4\Day8Project4.csproj", "{127F9618-44BB-4346-849D-8D87B7E1C88E}"
EndProject
Global
	GlobalSection(SolutionConfigurationPlatforms) = preSolution
		Debug|Any CPU = Debug|Any CPU
		Release|Any CPU = Release|Any CPU
	EndGlobalSection
	GlobalSection(ProjectConfigurationPlatforms) = postSolution
		{127F9618-44BB-4346-849D-8D87B7E1C88E}.Debug|Any CPU.ActiveCfg = Debug|Any CPU
		{127F9618-44BB-4346-849D-8D87B7E1C88E}.Debug|Any CPU.Build.0 = Debug|Any CPU
		{127F9618-44BB-4346-849D-8D87B7E1C88E}.Release|Any CPU.ActiveCfg = Release|Any CPU
		{127F9618-44BB-4346-849D-8D87B7E1C88E}.Release|Any CPU.Build.0 = Release|Any CPU
	EndGlobalSection
	GlobalSection(SolutionProperties) = preSolution
		HideSolutionNode = FALSE
	EndGlobalSection
	GlobalSection(ExtensibilityGlobals) = postSolution
		SolutionGuid = {263C34D1-FC20-4906-A629-C0DB13C72B05}
	EndGlobalSection
EndGlobal
