
Microsoft Visual Studio Solution File, Format Version 12.00
# Visual Studio Version 17
VisualStudioVersion = 17.0.32112.339
MinimumVisualStudioVersion = 10.0.40219.1
Project("{FAE04EC0-301F-11D3-BF4B-00C04F79EFBC}") = "Day7MorningAssignment", "Day7MorningAssignment\Day7MorningAssignment.csproj", "{92C522E9-B1F5-437F-A6C0-0AD5273E0B76}"
EndProject
Global
	GlobalSection(SolutionConfigurationPlatforms) = preSolution
		Debug|Any CPU = Debug|Any CPU
		Release|Any CPU = Release|Any CPU
	EndGlobalSection
	GlobalSection(ProjectConfigurationPlatforms) = postSolution
		{92C522E9-B1F5-437F-A6C0-0AD5273E0B76}.Debug|Any CPU.ActiveCfg = Debug|Any CPU
		{92C522E9-B1F5-437F-A6C0-0AD5273E0B76}.Debug|Any CPU.Build.0 = Debug|Any CPU
		{92C522E9-B1F5-437F-A6C0-0AD5273E0B76}.Release|Any CPU.ActiveCfg = Release|Any CPU
		{92C522E9-B1F5-437F-A6C0-0AD5273E0B76}.Release|Any CPU.Build.0 = Release|Any CPU
	EndGlobalSection
	GlobalSection(SolutionProperties) = preSolution
		HideSolutionNode = FALSE
	EndGlobalSection
	GlobalSection(ExtensibilityGlobals) = postSolution
		SolutionGuid = {C6D24474-3A07-4C5A-BAD9-F27B24D31523}
	EndGlobalSection
EndGlobal
