
Microsoft Visual Studio Solution File, Format Version 12.00
# Visual Studio Version 17
VisualStudioVersion = 17.0.32112.339
MinimumVisualStudioVersion = 10.0.40219.1
Project("{FAE04EC0-301F-11D3-BF4B-00C04F79EFBC}") = "Day16Project1", "Day16Project1\Day16Project1.csproj", "{6FAAF9F7-9290-4E2D-978F-340D8575D215}"
EndProject
Global
	GlobalSection(SolutionConfigurationPlatforms) = preSolution
		Debug|Any CPU = Debug|Any CPU
		Release|Any CPU = Release|Any CPU
	EndGlobalSection
	GlobalSection(ProjectConfigurationPlatforms) = postSolution
		{6FAAF9F7-9290-4E2D-978F-340D8575D215}.Debug|Any CPU.ActiveCfg = Debug|Any CPU
		{6FAAF9F7-9290-4E2D-978F-340D8575D215}.Debug|Any CPU.Build.0 = Debug|Any CPU
		{6FAAF9F7-9290-4E2D-978F-340D8575D215}.Release|Any CPU.ActiveCfg = Release|Any CPU
		{6FAAF9F7-9290-4E2D-978F-340D8575D215}.Release|Any CPU.Build.0 = Release|Any CPU
	EndGlobalSection
	GlobalSection(SolutionProperties) = preSolution
		HideSolutionNode = FALSE
	EndGlobalSection
	GlobalSection(ExtensibilityGlobals) = postSolution
		SolutionGuid = {5BF46682-0AD1-46F4-9D88-1C7338A855B7}
	EndGlobalSection
EndGlobal
