
Microsoft Visual Studio Solution File, Format Version 12.00
# Visual Studio Version 17
VisualStudioVersion = 17.0.32112.339
MinimumVisualStudioVersion = 10.0.40219.1
Project("{FAE04EC0-301F-11D3-BF4B-00C04F79EFBC}") = "Day1Project4", "Day1Project4\Day1Project4.csproj", "{BA320239-C0B7-472B-8C2A-6D8DF8947759}"
EndProject
Global
	GlobalSection(SolutionConfigurationPlatforms) = preSolution
		Debug|Any CPU = Debug|Any CPU
		Release|Any CPU = Release|Any CPU
	EndGlobalSection
	GlobalSection(ProjectConfigurationPlatforms) = postSolution
		{BA320239-C0B7-472B-8C2A-6D8DF8947759}.Debug|Any CPU.ActiveCfg = Debug|Any CPU
		{BA320239-C0B7-472B-8C2A-6D8DF8947759}.Debug|Any CPU.Build.0 = Debug|Any CPU
		{BA320239-C0B7-472B-8C2A-6D8DF8947759}.Release|Any CPU.ActiveCfg = Release|Any CPU
		{BA320239-C0B7-472B-8C2A-6D8DF8947759}.Release|Any CPU.Build.0 = Release|Any CPU
	EndGlobalSection
	GlobalSection(SolutionProperties) = preSolution
		HideSolutionNode = FALSE
	EndGlobalSection
	GlobalSection(ExtensibilityGlobals) = postSolution
		SolutionGuid = {C33D71A6-4D91-46FF-91DF-1488910448AA}
	EndGlobalSection
EndGlobal
