
Microsoft Visual Studio Solution File, Format Version 12.00
# Visual Studio Version 17
VisualStudioVersion = 17.0.32112.339
MinimumVisualStudioVersion = 10.0.40219.1
Project("{FAE04EC0-301F-11D3-BF4B-00C04F79EFBC}") = "Day10Project5", "Day10Project5\Day10Project5.csproj", "{687E93B2-780E-45DF-A324-237293D3C278}"
EndProject
Global
	GlobalSection(SolutionConfigurationPlatforms) = preSolution
		Debug|Any CPU = Debug|Any CPU
		Release|Any CPU = Release|Any CPU
	EndGlobalSection
	GlobalSection(ProjectConfigurationPlatforms) = postSolution
		{687E93B2-780E-45DF-A324-237293D3C278}.Debug|Any CPU.ActiveCfg = Debug|Any CPU
		{687E93B2-780E-45DF-A324-237293D3C278}.Debug|Any CPU.Build.0 = Debug|Any CPU
		{687E93B2-780E-45DF-A324-237293D3C278}.Release|Any CPU.ActiveCfg = Release|Any CPU
		{687E93B2-780E-45DF-A324-237293D3C278}.Release|Any CPU.Build.0 = Release|Any CPU
	EndGlobalSection
	GlobalSection(SolutionProperties) = preSolution
		HideSolutionNode = FALSE
	EndGlobalSection
	GlobalSection(ExtensibilityGlobals) = postSolution
		SolutionGuid = {5AE2804C-D678-4983-92B7-1CD37A724247}
	EndGlobalSection
EndGlobal
