
Microsoft Visual Studio Solution File, Format Version 12.00
# Visual Studio Version 17
VisualStudioVersion = 17.0.32112.339
MinimumVisualStudioVersion = 10.0.40219.1
Project("{FAE04EC0-301F-11D3-BF4B-00C04F79EFBC}") = "Day2EveProject(Multiplication table using WHILE Loop)", "Day2EveProject(Multiplication table using WHILE Loop)\Day2EveProject(Multiplication table using WHILE Loop).csproj", "{B25AD674-C31A-40C8-8F7C-55E3ECA495F6}"
EndProject
Global
	GlobalSection(SolutionConfigurationPlatforms) = preSolution
		Debug|Any CPU = Debug|Any CPU
		Release|Any CPU = Release|Any CPU
	EndGlobalSection
	GlobalSection(ProjectConfigurationPlatforms) = postSolution
		{B25AD674-C31A-40C8-8F7C-55E3ECA495F6}.Debug|Any CPU.ActiveCfg = Debug|Any CPU
		{B25AD674-C31A-40C8-8F7C-55E3ECA495F6}.Debug|Any CPU.Build.0 = Debug|Any CPU
		{B25AD674-C31A-40C8-8F7C-55E3ECA495F6}.Release|Any CPU.ActiveCfg = Release|Any CPU
		{B25AD674-C31A-40C8-8F7C-55E3ECA495F6}.Release|Any CPU.Build.0 = Release|Any CPU
	EndGlobalSection
	GlobalSection(SolutionProperties) = preSolution
		HideSolutionNode = FALSE
	EndGlobalSection
	GlobalSection(ExtensibilityGlobals) = postSolution
		SolutionGuid = {F395167B-C8B8-4F7F-8B05-804D2039149D}
	EndGlobalSection
EndGlobal
