
Microsoft Visual Studio Solution File, Format Version 12.00
# Visual Studio Version 17
VisualStudioVersion = 17.0.32112.339
MinimumVisualStudioVersion = 10.0.40219.1
Project("{FAE04EC0-301F-11D3-BF4B-00C04F79EFBC}") = "Day17Project1", "Day17Project1\Day17Project1.csproj", "{20E86187-4624-45D6-BCBD-8DAC319FA7BA}"
EndProject
Project("{FAE04EC0-301F-11D3-BF4B-00C04F79EFBC}") = "PavanLibrary", "PavanLibrary\PavanLibrary.csproj", "{05088B16-4986-4E5E-83BD-FD6562D1F4C1}"
EndProject
Project("{FAE04EC0-301F-11D3-BF4B-00C04F79EFBC}") = "PublicLibrary", "PublicLibrary\PublicLibrary.csproj", "{05AE9EF1-23A7-4FCB-B291-AEB33B7EC19B}"
EndProject
Global
	GlobalSection(SolutionConfigurationPlatforms) = preSolution
		Debug|Any CPU = Debug|Any CPU
		Release|Any CPU = Release|Any CPU
	EndGlobalSection
	GlobalSection(ProjectConfigurationPlatforms) = postSolution
		{20E86187-4624-45D6-BCBD-8DAC319FA7BA}.Debug|Any CPU.ActiveCfg = Debug|Any CPU
		{20E86187-4624-45D6-BCBD-8DAC319FA7BA}.Debug|Any CPU.Build.0 = Debug|Any CPU
		{20E86187-4624-45D6-BCBD-8DAC319FA7BA}.Release|Any CPU.ActiveCfg = Release|Any CPU
		{20E86187-4624-45D6-BCBD-8DAC319FA7BA}.Release|Any CPU.Build.0 = Release|Any CPU
		{05088B16-4986-4E5E-83BD-FD6562D1F4C1}.Debug|Any CPU.ActiveCfg = Debug|Any CPU
		{05088B16-4986-4E5E-83BD-FD6562D1F4C1}.Debug|Any CPU.Build.0 = Debug|Any CPU
		{05088B16-4986-4E5E-83BD-FD6562D1F4C1}.Release|Any CPU.ActiveCfg = Release|Any CPU
		{05088B16-4986-4E5E-83BD-FD6562D1F4C1}.Release|Any CPU.Build.0 = Release|Any CPU
		{05AE9EF1-23A7-4FCB-B291-AEB33B7EC19B}.Debug|Any CPU.ActiveCfg = Debug|Any CPU
		{05AE9EF1-23A7-4FCB-B291-AEB33B7EC19B}.Debug|Any CPU.Build.0 = Debug|Any CPU
		{05AE9EF1-23A7-4FCB-B291-AEB33B7EC19B}.Release|Any CPU.ActiveCfg = Release|Any CPU
		{05AE9EF1-23A7-4FCB-B291-AEB33B7EC19B}.Release|Any CPU.Build.0 = Release|Any CPU
	EndGlobalSection
	GlobalSection(SolutionProperties) = preSolution
		HideSolutionNode = FALSE
	EndGlobalSection
	GlobalSection(ExtensibilityGlobals) = postSolution
		SolutionGuid = {17436B78-D137-4E32-86B5-FECDD6243197}
	EndGlobalSection
EndGlobal
