
Microsoft Visual Studio Solution File, Format Version 12.00
# Visual Studio Version 17
VisualStudioVersion = 17.0.32112.339
MinimumVisualStudioVersion = 10.0.40219.1
Project("{FAE04EC0-301F-11D3-BF4B-00C04F79EFBC}") = "Day13Project4", "Day13Project4\Day13Project4.csproj", "{18DF0364-3802-48E9-8544-B0A0DDDABD98}"
EndProject
Global
	GlobalSection(SolutionConfigurationPlatforms) = preSolution
		Debug|Any CPU = Debug|Any CPU
		Release|Any CPU = Release|Any CPU
	EndGlobalSection
	GlobalSection(ProjectConfigurationPlatforms) = postSolution
		{18DF0364-3802-48E9-8544-B0A0DDDABD98}.Debug|Any CPU.ActiveCfg = Debug|Any CPU
		{18DF0364-3802-48E9-8544-B0A0DDDABD98}.Debug|Any CPU.Build.0 = Debug|Any CPU
		{18DF0364-3802-48E9-8544-B0A0DDDABD98}.Release|Any CPU.ActiveCfg = Release|Any CPU
		{18DF0364-3802-48E9-8544-B0A0DDDABD98}.Release|Any CPU.Build.0 = Release|Any CPU
	EndGlobalSection
	GlobalSection(SolutionProperties) = preSolution
		HideSolutionNode = FALSE
	EndGlobalSection
	GlobalSection(ExtensibilityGlobals) = postSolution
		SolutionGuid = {26E7B645-ED82-4FA5-8BFA-5364E9D534BC}
	EndGlobalSection
EndGlobal
