
Microsoft Visual Studio Solution File, Format Version 12.00
# Visual Studio Version 17
VisualStudioVersion = 17.0.32112.339
MinimumVisualStudioVersion = 10.0.40219.1
Project("{FAE04EC0-301F-11D3-BF4B-00C04F79EFBC}") = "Day18Project2", "Day18Project2\Day18Project2.csproj", "{A5902393-7F92-4701-A289-65070D891B2B}"
EndProject
Project("{FAE04EC0-301F-11D3-BF4B-00C04F79EFBC}") = "PalindromeLibrary", "PalindromeLibrary\PalindromeLibrary.csproj", "{608DFC70-E3D1-45B2-9BDC-83C819FC3CA7}"
EndProject
Project("{FAE04EC0-301F-11D3-BF4B-00C04F79EFBC}") = "PalindromeLibraryTests", "PalindromeLibraryTests\PalindromeLibraryTests.csproj", "{0C14D205-BA15-4F03-8492-8097A34FEBF3}"
EndProject
Global
	GlobalSection(SolutionConfigurationPlatforms) = preSolution
		Debug|Any CPU = Debug|Any CPU
		Release|Any CPU = Release|Any CPU
	EndGlobalSection
	GlobalSection(ProjectConfigurationPlatforms) = postSolution
		{A5902393-7F92-4701-A289-65070D891B2B}.Debug|Any CPU.ActiveCfg = Debug|Any CPU
		{A5902393-7F92-4701-A289-65070D891B2B}.Debug|Any CPU.Build.0 = Debug|Any CPU
		{A5902393-7F92-4701-A289-65070D891B2B}.Release|Any CPU.ActiveCfg = Release|Any CPU
		{A5902393-7F92-4701-A289-65070D891B2B}.Release|Any CPU.Build.0 = Release|Any CPU
		{608DFC70-E3D1-45B2-9BDC-83C819FC3CA7}.Debug|Any CPU.ActiveCfg = Debug|Any CPU
		{608DFC70-E3D1-45B2-9BDC-83C819FC3CA7}.Debug|Any CPU.Build.0 = Debug|Any CPU
		{608DFC70-E3D1-45B2-9BDC-83C819FC3CA7}.Release|Any CPU.ActiveCfg = Release|Any CPU
		{608DFC70-E3D1-45B2-9BDC-83C819FC3CA7}.Release|Any CPU.Build.0 = Release|Any CPU
		{0C14D205-BA15-4F03-8492-8097A34FEBF3}.Debug|Any CPU.ActiveCfg = Debug|Any CPU
		{0C14D205-BA15-4F03-8492-8097A34FEBF3}.Debug|Any CPU.Build.0 = Debug|Any CPU
		{0C14D205-BA15-4F03-8492-8097A34FEBF3}.Release|Any CPU.ActiveCfg = Release|Any CPU
		{0C14D205-BA15-4F03-8492-8097A34FEBF3}.Release|Any CPU.Build.0 = Release|Any CPU
	EndGlobalSection
	GlobalSection(SolutionProperties) = preSolution
		HideSolutionNode = FALSE
	EndGlobalSection
	GlobalSection(ExtensibilityGlobals) = postSolution
		SolutionGuid = {249269EA-7300-47AF-8E83-97E650980140}
	EndGlobalSection
EndGlobal
