
Microsoft Visual Studio Solution File, Format Version 12.00
# Visual Studio Version 17
VisualStudioVersion = 17.0.32112.339
MinimumVisualStudioVersion = 10.0.40219.1
Project("{FAE04EC0-301F-11D3-BF4B-00C04F79EFBC}") = "Day13Project10", "Day13Project10\Day13Project10.csproj", "{80F5B066-4B89-47EB-93DD-48EFFF7A7EF0}"
EndProject
Global
	GlobalSection(SolutionConfigurationPlatforms) = preSolution
		Debug|Any CPU = Debug|Any CPU
		Release|Any CPU = Release|Any CPU
	EndGlobalSection
	GlobalSection(ProjectConfigurationPlatforms) = postSolution
		{80F5B066-4B89-47EB-93DD-48EFFF7A7EF0}.Debug|Any CPU.ActiveCfg = Debug|Any CPU
		{80F5B066-4B89-47EB-93DD-48EFFF7A7EF0}.Debug|Any CPU.Build.0 = Debug|Any CPU
		{80F5B066-4B89-47EB-93DD-48EFFF7A7EF0}.Release|Any CPU.ActiveCfg = Release|Any CPU
		{80F5B066-4B89-47EB-93DD-48EFFF7A7EF0}.Release|Any CPU.Build.0 = Release|Any CPU
	EndGlobalSection
	GlobalSection(SolutionProperties) = preSolution
		HideSolutionNode = FALSE
	EndGlobalSection
	GlobalSection(ExtensibilityGlobals) = postSolution
		SolutionGuid = {8CB53BDC-F699-41A2-A858-ED72B02BFEF5}
	EndGlobalSection
EndGlobal
